
Microsoft Visual Studio Solution File, Format Version 12.00
# Visual Studio Version 17
VisualStudioVersion = 17.2.32526.322
MinimumVisualStudioVersion = 10.0.40219.1
Project("{FAE04EC0-301F-11D3-BF4B-00C04F79EFBC}") = "ElectronicHealthCare", "ElectronicHealthCare.csproj", "{5995E985-E5A0-466F-95A8-C67FF24B2014}"
EndProject
Global
	GlobalSection(SolutionConfigurationPlatforms) = preSolution
		Debug|Any CPU = Debug|Any CPU
		Release|Any CPU = Release|Any CPU
	EndGlobalSection
	GlobalSection(ProjectConfigurationPlatforms) = postSolution
		{5995E985-E5A0-466F-95A8-C67FF24B2014}.Debug|Any CPU.ActiveCfg = Debug|Any CPU
		{5995E985-E5A0-466F-95A8-C67FF24B2014}.Debug|Any CPU.Build.0 = Debug|Any CPU
		{5995E985-E5A0-466F-95A8-C67FF24B2014}.Release|Any CPU.ActiveCfg = Release|Any CPU
		{5995E985-E5A0-466F-95A8-C67FF24B2014}.Release|Any CPU.Build.0 = Release|Any CPU
	EndGlobalSection
	GlobalSection(SolutionProperties) = preSolution
		HideSolutionNode = FALSE
	EndGlobalSection
	GlobalSection(ExtensibilityGlobals) = postSolution
		SolutionGuid = {543C1B75-FE40-41BF-BD59-D85606BF67E1}
	EndGlobalSection
EndGlobal
